
Microsoft Visual Studio Solution File, Format Version 12.00
# Visual Studio Version 17
VisualStudioVersion = 17.10.35122.118
MinimumVisualStudioVersion = 10.0.40219.1
Project("{FAE04EC0-301F-11D3-BF4B-00C04F79EFBC}") = "HelloWorld", "HelloWorld\HelloWorld.csproj", "{A74478DA-2123-41AB-AE1D-F6F353A7EE9B}"
EndProject
Global
	GlobalSection(SolutionConfigurationPlatforms) = preSolution
		Debug|Any CPU = Debug|Any CPU
		Release|Any CPU = Release|Any CPU
	EndGlobalSection
	GlobalSection(ProjectConfigurationPlatforms) = postSolution
		{A74478DA-2123-41AB-AE1D-F6F353A7EE9B}.Debug|Any CPU.ActiveCfg = Debug|Any CPU
		{A74478DA-2123-41AB-AE1D-F6F353A7EE9B}.Debug|Any CPU.Build.0 = Debug|Any CPU
		{A74478DA-2123-41AB-AE1D-F6F353A7EE9B}.Release|Any CPU.ActiveCfg = Release|Any CPU
		{A74478DA-2123-41AB-AE1D-F6F353A7EE9B}.Release|Any CPU.Build.0 = Release|Any CPU
	EndGlobalSection
	GlobalSection(SolutionProperties) = preSolution
		HideSolutionNode = FALSE
	EndGlobalSection
	GlobalSection(ExtensibilityGlobals) = postSolution
		SolutionGuid = {2109F066-D4AF-4337-B1BA-281A331C222E}
	EndGlobalSection
EndGlobal
